
Microsoft Visual Studio Solution File, Format Version 12.00
# Visual Studio Version 16
VisualStudioVersion = 16.0.810.7
MinimumVisualStudioVersion = 10.0.40219.1
Project("{FAE04EC0-301F-11D3-BF4B-00C04F79EFBC}") = "UrbanStyleGroomers.Android", "UrbanStyleGroomers.Android\UrbanStyleGroomers.Android.csproj", "{8A9D07B2-EB6F-431E-9FF3-9AC06878C992}"
EndProject
Project("{FAE04EC0-301F-11D3-BF4B-00C04F79EFBC}") = "UrbanStyleGroomers.iOS", "UrbanStyleGroomers.iOS\UrbanStyleGroomers.iOS.csproj", "{78FB16BC-07F9-4FE8-89FC-14ACB062E9F4}"
EndProject
Project("{FAE04EC0-301F-11D3-BF4B-00C04F79EFBC}") = "UrbanStyleGroomers", "UrbanStyleGroomers\UrbanStyleGroomers.csproj", "{236B60B3-1F13-4BE9-BC3C-27F1EC6D7BCB}"
EndProject
Global
	GlobalSection(SolutionConfigurationPlatforms) = preSolution
		Debug|Any CPU = Debug|Any CPU
		Release|Any CPU = Release|Any CPU
		Debug|iPhoneSimulator = Debug|iPhoneSimulator
		Release|iPhoneSimulator = Release|iPhoneSimulator
		Debug|iPhone = Debug|iPhone
		Release|iPhone = Release|iPhone
	EndGlobalSection
	GlobalSection(ProjectConfigurationPlatforms) = postSolution
		{8A9D07B2-EB6F-431E-9FF3-9AC06878C992}.Debug|Any CPU.ActiveCfg = Debug|Any CPU
		{8A9D07B2-EB6F-431E-9FF3-9AC06878C992}.Debug|Any CPU.Build.0 = Debug|Any CPU
		{8A9D07B2-EB6F-431E-9FF3-9AC06878C992}.Release|Any CPU.ActiveCfg = Release|Any CPU
		{8A9D07B2-EB6F-431E-9FF3-9AC06878C992}.Release|Any CPU.Build.0 = Release|Any CPU
		{8A9D07B2-EB6F-431E-9FF3-9AC06878C992}.Debug|iPhoneSimulator.ActiveCfg = Debug|Any CPU
		{8A9D07B2-EB6F-431E-9FF3-9AC06878C992}.Debug|iPhoneSimulator.Build.0 = Debug|Any CPU
		{8A9D07B2-EB6F-431E-9FF3-9AC06878C992}.Release|iPhoneSimulator.ActiveCfg = Release|Any CPU
		{8A9D07B2-EB6F-431E-9FF3-9AC06878C992}.Release|iPhoneSimulator.Build.0 = Release|Any CPU
		{8A9D07B2-EB6F-431E-9FF3-9AC06878C992}.Debug|iPhone.ActiveCfg = Debug|Any CPU
		{8A9D07B2-EB6F-431E-9FF3-9AC06878C992}.Debug|iPhone.Build.0 = Debug|Any CPU
		{8A9D07B2-EB6F-431E-9FF3-9AC06878C992}.Release|iPhone.ActiveCfg = Release|Any CPU
		{8A9D07B2-EB6F-431E-9FF3-9AC06878C992}.Release|iPhone.Build.0 = Release|Any CPU
		{78FB16BC-07F9-4FE8-89FC-14ACB062E9F4}.Debug|Any CPU.ActiveCfg = Debug|iPhoneSimulator
		{78FB16BC-07F9-4FE8-89FC-14ACB062E9F4}.Debug|Any CPU.Build.0 = Debug|iPhoneSimulator
		{78FB16BC-07F9-4FE8-89FC-14ACB062E9F4}.Release|Any CPU.ActiveCfg = Release|iPhoneSimulator
		{78FB16BC-07F9-4FE8-89FC-14ACB062E9F4}.Release|Any CPU.Build.0 = Release|iPhoneSimulator
		{78FB16BC-07F9-4FE8-89FC-14ACB062E9F4}.Debug|iPhoneSimulator.ActiveCfg = Debug|iPhoneSimulator
		{78FB16BC-07F9-4FE8-89FC-14ACB062E9F4}.Debug|iPhoneSimulator.Build.0 = Debug|iPhoneSimulator
		{78FB16BC-07F9-4FE8-89FC-14ACB062E9F4}.Release|iPhoneSimulator.ActiveCfg = Release|iPhoneSimulator
		{78FB16BC-07F9-4FE8-89FC-14ACB062E9F4}.Release|iPhoneSimulator.Build.0 = Release|iPhoneSimulator
		{78FB16BC-07F9-4FE8-89FC-14ACB062E9F4}.Debug|iPhone.ActiveCfg = Debug|iPhone
		{78FB16BC-07F9-4FE8-89FC-14ACB062E9F4}.Debug|iPhone.Build.0 = Debug|iPhone
		{78FB16BC-07F9-4FE8-89FC-14ACB062E9F4}.Release|iPhone.ActiveCfg = Release|iPhone
		{78FB16BC-07F9-4FE8-89FC-14ACB062E9F4}.Release|iPhone.Build.0 = Release|iPhone
		{236B60B3-1F13-4BE9-BC3C-27F1EC6D7BCB}.Debug|Any CPU.ActiveCfg = Debug|Any CPU
		{236B60B3-1F13-4BE9-BC3C-27F1EC6D7BCB}.Debug|Any CPU.Build.0 = Debug|Any CPU
		{236B60B3-1F13-4BE9-BC3C-27F1EC6D7BCB}.Release|Any CPU.ActiveCfg = Release|Any CPU
		{236B60B3-1F13-4BE9-BC3C-27F1EC6D7BCB}.Release|Any CPU.Build.0 = Release|Any CPU
		{236B60B3-1F13-4BE9-BC3C-27F1EC6D7BCB}.Debug|iPhoneSimulator.ActiveCfg = Debug|Any CPU
		{236B60B3-1F13-4BE9-BC3C-27F1EC6D7BCB}.Debug|iPhoneSimulator.Build.0 = Debug|Any CPU
		{236B60B3-1F13-4BE9-BC3C-27F1EC6D7BCB}.Release|iPhoneSimulator.ActiveCfg = Release|Any CPU
		{236B60B3-1F13-4BE9-BC3C-27F1EC6D7BCB}.Release|iPhoneSimulator.Build.0 = Release|Any CPU
		{236B60B3-1F13-4BE9-BC3C-27F1EC6D7BCB}.Debug|iPhone.ActiveCfg = Debug|Any CPU
		{236B60B3-1F13-4BE9-BC3C-27F1EC6D7BCB}.Debug|iPhone.Build.0 = Debug|Any CPU
		{236B60B3-1F13-4BE9-BC3C-27F1EC6D7BCB}.Release|iPhone.ActiveCfg = Release|Any CPU
		{236B60B3-1F13-4BE9-BC3C-27F1EC6D7BCB}.Release|iPhone.Build.0 = Release|Any CPU
	EndGlobalSection
	GlobalSection(SolutionProperties) = preSolution
		HideSolutionNode = FALSE
	EndGlobalSection
	GlobalSection(ExtensibilityGlobals) = postSolution
		SolutionGuid = {1C6D527F-AF28-4D94-9086-D96AF8B77E90}
	EndGlobalSection
EndGlobal
